
Microsoft Visual Studio Solution File, Format Version 12.00
# Visual Studio Version 17
VisualStudioVersion = 17.8.34525.116
MinimumVisualStudioVersion = 10.0.40219.1
Project("{FAE04EC0-301F-11D3-BF4B-00C04F79EFBC}") = "NebulaGUI", "NebulaGUI\NebulaGUI.csproj", "{B55E2EF5-D6EA-4731-A090-178362EB0EB0}"
EndProject
Global
	GlobalSection(SolutionConfigurationPlatforms) = preSolution
		Debug|Any CPU = Debug|Any CPU
		Release|Any CPU = Release|Any CPU
	EndGlobalSection
	GlobalSection(ProjectConfigurationPlatforms) = postSolution
		{B55E2EF5-D6EA-4731-A090-178362EB0EB0}.Debug|Any CPU.ActiveCfg = Debug|Any CPU
		{B55E2EF5-D6EA-4731-A090-178362EB0EB0}.Debug|Any CPU.Build.0 = Debug|Any CPU
		{B55E2EF5-D6EA-4731-A090-178362EB0EB0}.Release|Any CPU.ActiveCfg = Release|Any CPU
		{B55E2EF5-D6EA-4731-A090-178362EB0EB0}.Release|Any CPU.Build.0 = Release|Any CPU
	EndGlobalSection
	GlobalSection(SolutionProperties) = preSolution
		HideSolutionNode = FALSE
	EndGlobalSection
	GlobalSection(ExtensibilityGlobals) = postSolution
		SolutionGuid = {EBAC555A-D607-4804-BE83-D6FBBFBC045B}
	EndGlobalSection
EndGlobal
